
Microsoft Visual Studio Solution File, Format Version 12.00
# Visual Studio Version 17
VisualStudioVersion = 17.0.31912.275
MinimumVisualStudioVersion = 10.0.40219.1
Project("{2150E333-8FDC-42A3-9474-1A3956D46DE8}") = "Solution Items", "Solution Items", "{8A8807BE-7497-4475-AC81-FC09B0B08A6D}"
	ProjectSection(SolutionItems) = preProject
		.editorconfig = .editorconfig
		build-js.cmd = build-js.cmd
		build-js.sh = build-js.sh
		CHANGELOG.md = CHANGELOG.md
		global.json = global.json
		LICENSE.txt = LICENSE.txt
		README.md = README.md
	EndProjectSection
EndProject
Project("{2150E333-8FDC-42A3-9474-1A3956D46DE8}") = "build", "build", "{F2C358F8-23E1-4C70-9A2F-7C59A87D5194}"
	ProjectSection(SolutionItems) = preProject
		build\common.props = build\common.props
		build\Key.snk = build\Key.snk
		build\net40-client-target.props = build\net40-client-target.props
		build\nuget-common.props = build\nuget-common.props
	EndProjectSection
EndProject
Project("{2150E333-8FDC-42A3-9474-1A3956D46DE8}") = "licenses", "licenses", "{1FBDEFDC-A99F-4F81-9EBA-1C227DE33067}"
	ProjectSection(SolutionItems) = preProject
		licenses\advanced-string-builder-license.txt = licenses\advanced-string-builder-license.txt
		licenses\base64-js-license.txt = licenses\base64-js-license.txt
		licenses\buffer-license.txt = licenses\buffer-license.txt
		licenses\core-js-license.txt = licenses\core-js-license.txt
		licenses\dart-sass-license.txt = licenses\dart-sass-license.txt
		licenses\ieee754-license.txt = licenses\ieee754-license.txt
		licenses\js-engine-switcher-license.txt = licenses\js-engine-switcher-license.txt
		licenses\newtonsoft-json-license.txt = licenses\newtonsoft-json-license.txt
	EndProjectSection
EndProject
Project("{2150E333-8FDC-42A3-9474-1A3956D46DE8}") = "src", "src", "{D4B9957B-8408-4F53-AF54-BEE6107693AA}"
EndProject
Project("{9A19103F-16F7-4668-BE54-9A1E7A4F7556}") = "DartSassHost", "src\DartSassHost\DartSassHost.csproj", "{A5384634-809A-4B2A-B5FF-EC63F285048F}"
EndProject
Project("{2150E333-8FDC-42A3-9474-1A3956D46DE8}") = "test", "test", "{C551BE19-7674-4EC9-8AC5-7D61DE4A4B2B}"
EndProject
Project("{9A19103F-16F7-4668-BE54-9A1E7A4F7556}") = "DartSassHost.Benchmarks", "test\DartSassHost.Benchmarks\DartSassHost.Benchmarks.csproj", "{FD696487-965D-489C-BD14-0F906CAFED08}"
EndProject
Project("{9A19103F-16F7-4668-BE54-9A1E7A4F7556}") = "DartSassHost.Tests", "test\DartSassHost.Tests\DartSassHost.Tests.csproj", "{6F25CECC-7806-47E8-89EF-D446BE6FE78A}"
EndProject
Global
	GlobalSection(SolutionConfigurationPlatforms) = preSolution
		Debug|Any CPU = Debug|Any CPU
		Release|Any CPU = Release|Any CPU
	EndGlobalSection
	GlobalSection(ProjectConfigurationPlatforms) = postSolution
		{A5384634-809A-4B2A-B5FF-EC63F285048F}.Debug|Any CPU.ActiveCfg = Debug|Any CPU
		{A5384634-809A-4B2A-B5FF-EC63F285048F}.Debug|Any CPU.Build.0 = Debug|Any CPU
		{A5384634-809A-4B2A-B5FF-EC63F285048F}.Release|Any CPU.ActiveCfg = Release|Any CPU
		{A5384634-809A-4B2A-B5FF-EC63F285048F}.Release|Any CPU.Build.0 = Release|Any CPU
		{FD696487-965D-489C-BD14-0F906CAFED08}.Debug|Any CPU.ActiveCfg = Debug|Any CPU
		{FD696487-965D-489C-BD14-0F906CAFED08}.Debug|Any CPU.Build.0 = Debug|Any CPU
		{FD696487-965D-489C-BD14-0F906CAFED08}.Release|Any CPU.ActiveCfg = Release|Any CPU
		{FD696487-965D-489C-BD14-0F906CAFED08}.Release|Any CPU.Build.0 = Release|Any CPU
		{6F25CECC-7806-47E8-89EF-D446BE6FE78A}.Debug|Any CPU.ActiveCfg = Debug|Any CPU
		{6F25CECC-7806-47E8-89EF-D446BE6FE78A}.Debug|Any CPU.Build.0 = Debug|Any CPU
		{6F25CECC-7806-47E8-89EF-D446BE6FE78A}.Release|Any CPU.ActiveCfg = Release|Any CPU
		{6F25CECC-7806-47E8-89EF-D446BE6FE78A}.Release|Any CPU.Build.0 = Release|Any CPU
	EndGlobalSection
	GlobalSection(SolutionProperties) = preSolution
		HideSolutionNode = FALSE
	EndGlobalSection
	GlobalSection(NestedProjects) = preSolution
		{A5384634-809A-4B2A-B5FF-EC63F285048F} = {D4B9957B-8408-4F53-AF54-BEE6107693AA}
		{FD696487-965D-489C-BD14-0F906CAFED08} = {C551BE19-7674-4EC9-8AC5-7D61DE4A4B2B}
		{6F25CECC-7806-47E8-89EF-D446BE6FE78A} = {C551BE19-7674-4EC9-8AC5-7D61DE4A4B2B}
	EndGlobalSection
	GlobalSection(ExtensibilityGlobals) = postSolution
		SolutionGuid = {9271882C-544A-475A-9185-438FDAD52E0E}
	EndGlobalSection
EndGlobal
