
Microsoft Visual Studio Solution File, Format Version 12.00
# Visual Studio Version 16
VisualStudioVersion = 16.0.30406.217
MinimumVisualStudioVersion = 10.0.40219.1
Project("{9A19103F-16F7-4668-BE54-9A1E7A4F7556}") = "SassHost", "src\SassHost\SassHost.csproj", "{A5384634-809A-4B2A-B5FF-EC63F285048F}"
EndProject
Project("{2150E333-8FDC-42A3-9474-1A3956D46DE8}") = "src", "src", "{D4B9957B-8408-4F53-AF54-BEE6107693AA}"
EndProject
Project("{2150E333-8FDC-42A3-9474-1A3956D46DE8}") = "samples", "samples", "{EC47D9CC-2B3A-4D1F-8572-56653563EDD0}"
EndProject
Project("{9A19103F-16F7-4668-BE54-9A1E7A4F7556}") = "SassHost.Sample.Logic", "samples\SassHost.Sample.Logic\SassHost.Sample.Logic.csproj", "{B9C29A80-9C09-41BC-A46E-15899144EDAF}"
EndProject
Project("{2150E333-8FDC-42A3-9474-1A3956D46DE8}") = "SharedFiles", "SharedFiles", "{3BA35AAF-2D78-44D8-AFD1-A114E402115E}"
	ProjectSection(SolutionItems) = preProject
		samples\SharedFiles\_reset.scss = samples\SharedFiles\_reset.scss
		samples\SharedFiles\style.scss = samples\SharedFiles\style.scss
	EndProjectSection
EndProject
Project("{FAE04EC0-301F-11D3-BF4B-00C04F79EFBC}") = "SassHost.Sample.Net4.ConsoleApp", "samples\SassHost.Sample.Net4.ConsoleApp\SassHost.Sample.Net4.ConsoleApp.csproj", "{6C854344-65A4-491D-BB6B-6E9F720BC4A6}"
EndProject
Project("{2150E333-8FDC-42A3-9474-1A3956D46DE8}") = "test", "test", "{C551BE19-7674-4EC9-8AC5-7D61DE4A4B2B}"
EndProject
Project("{FAE04EC0-301F-11D3-BF4B-00C04F79EFBC}") = "SassHost.Tests", "test\SassHost.Tests\SassHost.Tests.csproj", "{6F25CECC-7806-47E8-89EF-D446BE6FE78A}"
EndProject
Global
	GlobalSection(SolutionConfigurationPlatforms) = preSolution
		Debug|Any CPU = Debug|Any CPU
		Release|Any CPU = Release|Any CPU
	EndGlobalSection
	GlobalSection(ProjectConfigurationPlatforms) = postSolution
		{A5384634-809A-4B2A-B5FF-EC63F285048F}.Debug|Any CPU.ActiveCfg = Debug|Any CPU
		{A5384634-809A-4B2A-B5FF-EC63F285048F}.Debug|Any CPU.Build.0 = Debug|Any CPU
		{A5384634-809A-4B2A-B5FF-EC63F285048F}.Release|Any CPU.ActiveCfg = Release|Any CPU
		{A5384634-809A-4B2A-B5FF-EC63F285048F}.Release|Any CPU.Build.0 = Release|Any CPU
		{B9C29A80-9C09-41BC-A46E-15899144EDAF}.Debug|Any CPU.ActiveCfg = Debug|Any CPU
		{B9C29A80-9C09-41BC-A46E-15899144EDAF}.Debug|Any CPU.Build.0 = Debug|Any CPU
		{B9C29A80-9C09-41BC-A46E-15899144EDAF}.Release|Any CPU.ActiveCfg = Release|Any CPU
		{B9C29A80-9C09-41BC-A46E-15899144EDAF}.Release|Any CPU.Build.0 = Release|Any CPU
		{6C854344-65A4-491D-BB6B-6E9F720BC4A6}.Debug|Any CPU.ActiveCfg = Debug|Any CPU
		{6C854344-65A4-491D-BB6B-6E9F720BC4A6}.Debug|Any CPU.Build.0 = Debug|Any CPU
		{6C854344-65A4-491D-BB6B-6E9F720BC4A6}.Release|Any CPU.ActiveCfg = Release|Any CPU
		{6C854344-65A4-491D-BB6B-6E9F720BC4A6}.Release|Any CPU.Build.0 = Release|Any CPU
		{6F25CECC-7806-47E8-89EF-D446BE6FE78A}.Debug|Any CPU.ActiveCfg = Debug|Any CPU
		{6F25CECC-7806-47E8-89EF-D446BE6FE78A}.Debug|Any CPU.Build.0 = Debug|Any CPU
		{6F25CECC-7806-47E8-89EF-D446BE6FE78A}.Release|Any CPU.ActiveCfg = Release|Any CPU
		{6F25CECC-7806-47E8-89EF-D446BE6FE78A}.Release|Any CPU.Build.0 = Release|Any CPU
	EndGlobalSection
	GlobalSection(SolutionProperties) = preSolution
		HideSolutionNode = FALSE
	EndGlobalSection
	GlobalSection(NestedProjects) = preSolution
		{A5384634-809A-4B2A-B5FF-EC63F285048F} = {D4B9957B-8408-4F53-AF54-BEE6107693AA}
		{B9C29A80-9C09-41BC-A46E-15899144EDAF} = {EC47D9CC-2B3A-4D1F-8572-56653563EDD0}
		{3BA35AAF-2D78-44D8-AFD1-A114E402115E} = {EC47D9CC-2B3A-4D1F-8572-56653563EDD0}
		{6C854344-65A4-491D-BB6B-6E9F720BC4A6} = {EC47D9CC-2B3A-4D1F-8572-56653563EDD0}
		{6F25CECC-7806-47E8-89EF-D446BE6FE78A} = {C551BE19-7674-4EC9-8AC5-7D61DE4A4B2B}
	EndGlobalSection
	GlobalSection(ExtensibilityGlobals) = postSolution
		SolutionGuid = {9271882C-544A-475A-9185-438FDAD52E0E}
	EndGlobalSection
EndGlobal
